# THIS IS AN AUTOGENERATED FILE. DO NOT EDIT THIS FILE DIRECTLY.
# yarn lockfile v1


"@react-native-community/datetimepicker@^6.1.3":
  version "6.1.3"
  resolved "https://registry.npmjs.org/@react-native-community/datetimepicker/-/datetimepicker-6.1.3.tgz"
  integrity sha512-3e20BPQy8QiQeIGJL4zoJaRsGWB31hl9i7oTZECWxnK6nVUeqGt/G+JRJlJinmqL6z4WePHC6RSUMgpC64OOwg==
  dependencies:
    invariant "^2.2.4"

invariant@^2.2.4:
  version "2.2.4"
  resolved "https://registry.npmjs.org/invariant/-/invariant-2.2.4.tgz"
  integrity sha512-phJfQVBuaJM5raOpJjSfkiD6BpbCE4Ns//LaXl6wGYtUBY83nWS6Rf9tXm2e8VaK60JEjYldbPif/A2B1C2gNA==
  dependencies:
    loose-envify "^1.0.0"

"js-tokens@^3.0.0 || ^4.0.0":
  version "4.0.0"
  resolved "https://registry.npmjs.org/js-tokens/-/js-tokens-4.0.0.tgz"
  integrity sha512-RdJUflcE3cUzKiMqQgsCu06FPu9UdIJO0beYbPhHN4k6apgJtifcoCtT9bcxOpYBtpD2kCM6Sbzg4CausW/PKQ==

loose-envify@^1.0.0, loose-envify@^1.4.0:
  version "1.4.0"
  resolved "https://registry.npmjs.org/loose-envify/-/loose-envify-1.4.0.tgz"
  integrity sha512-lyuxPGr/Wfhrlem2CL/UcnUc1zcqKAImBDzukY7Y5F/yQiNdko6+fRLevlw1HgMySw7f611UIY408EtxRSoK3Q==
  dependencies:
    js-tokens "^3.0.0 || ^4.0.0"

object-assign@^4.1.1:
  version "4.1.1"
  resolved "https://registry.npmjs.org/object-assign/-/object-assign-4.1.1.tgz"
  integrity sha1-IQmtx5ZYh8/AXLvUQsrIv7s2CGM=

prop-types@^15.7.2:
  version "15.8.1"
  resolved "https://registry.npmjs.org/prop-types/-/prop-types-15.8.1.tgz"
  integrity sha512-oj87CgZICdulUohogVAR7AjlC0327U4el4L6eAvOqCeudMDVU0NThNaV+b9Df4dXgSP1gXMTnPdhfe/2qDH5cg==
  dependencies:
    loose-envify "^1.4.0"
    object-assign "^4.1.1"
    react-is "^16.13.1"

react-is@^16.13.1:
  version "16.13.1"
  resolved "https://registry.npmjs.org/react-is/-/react-is-16.13.1.tgz"
  integrity sha512-24e6ynE2H+OKt4kqsOvNd8kBpV65zoxbA4BVsEOB3ARVWQki/DHzaUoC5KuON/BiccDaCCTZBuOcfZs70kR8bQ==

react-native-custom-picker@^0.4.0:
  version "0.4.0"
  resolved "https://registry.npmjs.org/react-native-custom-picker/-/react-native-custom-picker-0.4.0.tgz"
  integrity sha512-zhpt3pEYo/6xH2F0+G//SCo3Q7QddAS8/Xrrwc8Cif/PfaPU15cEMUakBGyJ/5vAv67RtF74WQcGhfA4RS09xg==

react-native-modal-datetime-picker@^13.1.2:
  version "13.1.2"
  resolved "https://registry.npmjs.org/react-native-modal-datetime-picker/-/react-native-modal-datetime-picker-13.1.2.tgz"
  integrity sha512-PZDkuY7HayRX1KE2X2dm29CvCLzwj/vn6B6QdPbjZea/GEKvHBMOLGdhFCcA9+gD64Y41+VqfytUh2fdvUvQ1g==
  dependencies:
    prop-types "^15.7.2"
